// !$*UTF8*$!
{
	archiveVersion = 1;
	classes = {
	};
	objectVersion = 50;
	objects = {

/* Begin PBXBuildFile section */
		57D273B921DE8C0500950C16 /* AppDelegate.swift in Sources */ = {isa = PBXBuildFile; fileRef = 57D273B821DE8C0500950C16 /* AppDelegate.swift */; };
		57D273BB21DE8C0500950C16 /* PodcastSearchResultsController.swift in Sources */ = {isa = PBXBuildFile; fileRef = 57D273BA21DE8C0500950C16 /* PodcastSearchResultsController.swift */; };
		57D273BE21DE8C0500950C16 /* Main.storyboard in Resources */ = {isa = PBXBuildFile; fileRef = 57D273BC21DE8C0500950C16 /* Main.storyboard */; };
		57D273C021DE8C0600950C16 /* Assets.xcassets in Resources */ = {isa = PBXBuildFile; fileRef = 57D273BF21DE8C0600950C16 /* Assets.xcassets */; };
		57D273C321DE8C0600950C16 /* LaunchScreen.storyboard in Resources */ = {isa = PBXBuildFile; fileRef = 57D273C121DE8C0600950C16 /* LaunchScreen.storyboard */; };
		57D273CD21DE8C4E00950C16 /* NetworkHelper.swift in Sources */ = {isa = PBXBuildFile; fileRef = 57D273CC21DE8C4E00950C16 /* NetworkHelper.swift */; };
		57D273CF21DE8C5500950C16 /* AppError.swift in Sources */ = {isa = PBXBuildFile; fileRef = 57D273CE21DE8C5500950C16 /* AppError.swift */; };
		57D273D121DE8C5E00950C16 /* ImageHelper.swift in Sources */ = {isa = PBXBuildFile; fileRef = 57D273D021DE8C5E00950C16 /* ImageHelper.swift */; };
		57D273D321DE8E2000950C16 /* Podcast.swift in Sources */ = {isa = PBXBuildFile; fileRef = 57D273D221DE8E2000950C16 /* Podcast.swift */; };
		57D273D821DE909000950C16 /* PodcastAPIClient.swift in Sources */ = {isa = PBXBuildFile; fileRef = 57D273D721DE909000950C16 /* PodcastAPIClient.swift */; };
		57D273DA21DEA19300950C16 /* PodcastDetailViewController.swift in Sources */ = {isa = PBXBuildFile; fileRef = 57D273D921DEA19300950C16 /* PodcastDetailViewController.swift */; };
		57D273DC21DEA5A200950C16 /* Favorite.swift in Sources */ = {isa = PBXBuildFile; fileRef = 57D273DB21DEA5A200950C16 /* Favorite.swift */; };
		57D273DE21DED72300950C16 /* FavoritesViewController.swift in Sources */ = {isa = PBXBuildFile; fileRef = 57D273DD21DED72300950C16 /* FavoritesViewController.swift */; };
		57D273E021DEDDEE00950C16 /* PodcastCell.swift in Sources */ = {isa = PBXBuildFile; fileRef = 57D273DF21DEDDEE00950C16 /* PodcastCell.swift */; };
/* End PBXBuildFile section */

/* Begin PBXFileReference section */
		57D273B521DE8C0500950C16 /* PodcastFavorites.app */ = {isa = PBXFileReference; explicitFileType = wrapper.application; includeInIndex = 0; path = PodcastFavorites.app; sourceTree = BUILT_PRODUCTS_DIR; };
		57D273B821DE8C0500950C16 /* AppDelegate.swift */ = {isa = PBXFileReference; lastKnownFileType = sourcecode.swift; path = AppDelegate.swift; sourceTree = "<group>"; };
		57D273BA21DE8C0500950C16 /* PodcastSearchResultsController.swift */ = {isa = PBXFileReference; lastKnownFileType = sourcecode.swift; path = PodcastSearchResultsController.swift; sourceTree = "<group>"; };
		57D273BD21DE8C0500950C16 /* Base */ = {isa = PBXFileReference; lastKnownFileType = file.storyboard; name = Base; path = Base.lproj/Main.storyboard; sourceTree = "<group>"; };
		57D273BF21DE8C0600950C16 /* Assets.xcassets */ = {isa = PBXFileReference; lastKnownFileType = folder.assetcatalog; path = Assets.xcassets; sourceTree = "<group>"; };
		57D273C221DE8C0600950C16 /* Base */ = {isa = PBXFileReference; lastKnownFileType = file.storyboard; name = Base; path = Base.lproj/LaunchScreen.storyboard; sourceTree = "<group>"; };
		57D273C421DE8C0600950C16 /* Info.plist */ = {isa = PBXFileReference; lastKnownFileType = text.plist.xml; path = Info.plist; sourceTree = "<group>"; };
		57D273CC21DE8C4E00950C16 /* NetworkHelper.swift */ = {isa = PBXFileReference; lastKnownFileType = sourcecode.swift; path = NetworkHelper.swift; sourceTree = "<group>"; };
		57D273CE21DE8C5500950C16 /* AppError.swift */ = {isa = PBXFileReference; lastKnownFileType = sourcecode.swift; path = AppError.swift; sourceTree = "<group>"; };
		57D273D021DE8C5E00950C16 /* ImageHelper.swift */ = {isa = PBXFileReference; lastKnownFileType = sourcecode.swift; path = ImageHelper.swift; sourceTree = "<group>"; };
		57D273D221DE8E2000950C16 /* Podcast.swift */ = {isa = PBXFileReference; lastKnownFileType = sourcecode.swift; path = Podcast.swift; sourceTree = "<group>"; };
		57D273D721DE909000950C16 /* PodcastAPIClient.swift */ = {isa = PBXFileReference; lastKnownFileType = sourcecode.swift; path = PodcastAPIClient.swift; sourceTree = "<group>"; };
		57D273D921DEA19300950C16 /* PodcastDetailViewController.swift */ = {isa = PBXFileReference; lastKnownFileType = sourcecode.swift; path = PodcastDetailViewController.swift; sourceTree = "<group>"; };
		57D273DB21DEA5A200950C16 /* Favorite.swift */ = {isa = PBXFileReference; lastKnownFileType = sourcecode.swift; path = Favorite.swift; sourceTree = "<group>"; };
		57D273DD21DED72300950C16 /* FavoritesViewController.swift */ = {isa = PBXFileReference; lastKnownFileType = sourcecode.swift; path = FavoritesViewController.swift; sourceTree = "<group>"; };
		57D273DF21DEDDEE00950C16 /* PodcastCell.swift */ = {isa = PBXFileReference; lastKnownFileType = sourcecode.swift; path = PodcastCell.swift; sourceTree = "<group>"; };
/* End PBXFileReference section */

/* Begin PBXFrameworksBuildPhase section */
		57D273B221DE8C0500950C16 /* Frameworks */ = {
			isa = PBXFrameworksBuildPhase;
			buildActionMask = 2147483647;
			files = (
			);
			runOnlyForDeploymentPostprocessing = 0;
		};
/* End PBXFrameworksBuildPhase section */

/* Begin PBXGroup section */
		57D273AC21DE8C0500950C16 = {
			isa = PBXGroup;
			children = (
				57D273B721DE8C0500950C16 /* PodcastFavorites */,
				57D273B621DE8C0500950C16 /* Products */,
			);
			sourceTree = "<group>";
		};
		57D273B621DE8C0500950C16 /* Products */ = {
			isa = PBXGroup;
			children = (
				57D273B521DE8C0500950C16 /* PodcastFavorites.app */,
			);
			name = Products;
			sourceTree = "<group>";
		};
		57D273B721DE8C0500950C16 /* PodcastFavorites */ = {
			isa = PBXGroup;
			children = (
				57D273CB21DE8C3300950C16 /* Network Services */,
				57D273D421DE8F4600950C16 /* Models */,
				57D273D621DE8F6900950C16 /* Views */,
				57D273D521DE8F4D00950C16 /* Controllers */,
				57D273BC21DE8C0500950C16 /* Main.storyboard */,
				57D273CA21DE8C1900950C16 /* Supporting Files */,
				57D273C421DE8C0600950C16 /* Info.plist */,
			);
			path = PodcastFavorites;
			sourceTree = "<group>";
		};
		57D273CA21DE8C1900950C16 /* Supporting Files */ = {
			isa = PBXGroup;
			children = (
				57D273B821DE8C0500950C16 /* AppDelegate.swift */,
				57D273BF21DE8C0600950C16 /* Assets.xcassets */,
				57D273C121DE8C0600950C16 /* LaunchScreen.storyboard */,
			);
			path = "Supporting Files";
			sourceTree = "<group>";
		};
		57D273CB21DE8C3300950C16 /* Network Services */ = {
			isa = PBXGroup;
			children = (
				57D273CC21DE8C4E00950C16 /* NetworkHelper.swift */,
				57D273CE21DE8C5500950C16 /* AppError.swift */,
				57D273D021DE8C5E00950C16 /* ImageHelper.swift */,
				57D273D721DE909000950C16 /* PodcastAPIClient.swift */,
			);
			path = "Network Services";
			sourceTree = "<group>";
		};
		57D273D421DE8F4600950C16 /* Models */ = {
			isa = PBXGroup;
			children = (
				57D273D221DE8E2000950C16 /* Podcast.swift */,
				57D273DB21DEA5A200950C16 /* Favorite.swift */,
			);
			path = Models;
			sourceTree = "<group>";
		};
		57D273D521DE8F4D00950C16 /* Controllers */ = {
			isa = PBXGroup;
			children = (
				57D273BA21DE8C0500950C16 /* PodcastSearchResultsController.swift */,
				57D273D921DEA19300950C16 /* PodcastDetailViewController.swift */,
				57D273DD21DED72300950C16 /* FavoritesViewController.swift */,
			);
			path = Controllers;
			sourceTree = "<group>";
		};
		57D273D621DE8F6900950C16 /* Views */ = {
			isa = PBXGroup;
			children = (
				57D273DF21DEDDEE00950C16 /* PodcastCell.swift */,
			);
			path = Views;
			sourceTree = "<group>";
		};
/* End PBXGroup section */

/* Begin PBXNativeTarget section */
		57D273B421DE8C0500950C16 /* PodcastFavorites */ = {
			isa = PBXNativeTarget;
			buildConfigurationList = 57D273C721DE8C0600950C16 /* Build configuration list for PBXNativeTarget "PodcastFavorites" */;
			buildPhases = (
				57D273B121DE8C0500950C16 /* Sources */,
				57D273B221DE8C0500950C16 /* Frameworks */,
				57D273B321DE8C0500950C16 /* Resources */,
			);
			buildRules = (
			);
			dependencies = (
			);
			name = PodcastFavorites;
			productName = PodcastFavorites;
			productReference = 57D273B521DE8C0500950C16 /* PodcastFavorites.app */;
			productType = "com.apple.product-type.application";
		};
/* End PBXNativeTarget section */

/* Begin PBXProject section */
		57D273AD21DE8C0500950C16 /* Project object */ = {
			isa = PBXProject;
			attributes = {
				LastSwiftUpdateCheck = 1010;
				LastUpgradeCheck = 1010;
				ORGANIZATIONNAME = "Alex Paul";
				TargetAttributes = {
					57D273B421DE8C0500950C16 = {
						CreatedOnToolsVersion = 10.1;
					};
				};
			};
			buildConfigurationList = 57D273B021DE8C0500950C16 /* Build configuration list for PBXProject "PodcastFavorites" */;
			compatibilityVersion = "Xcode 9.3";
			developmentRegion = en;
			hasScannedForEncodings = 0;
			knownRegions = (
				en,
				Base,
			);
			mainGroup = 57D273AC21DE8C0500950C16;
			productRefGroup = 57D273B621DE8C0500950C16 /* Products */;
			projectDirPath = "";
			projectRoot = "";
			targets = (
				57D273B421DE8C0500950C16 /* PodcastFavorites */,
			);
		};
/* End PBXProject section */

/* Begin PBXResourcesBuildPhase section */
		57D273B321DE8C0500950C16 /* Resources */ = {
			isa = PBXResourcesBuildPhase;
			buildActionMask = 2147483647;
			files = (
				57D273C321DE8C0600950C16 /* LaunchScreen.storyboard in Resources */,
				57D273C021DE8C0600950C16 /* Assets.xcassets in Resources */,
				57D273BE21DE8C0500950C16 /* Main.storyboard in Resources */,
			);
			runOnlyForDeploymentPostprocessing = 0;
		};
/* End PBXResourcesBuildPhase section */

/* Begin PBXSourcesBuildPhase section */
		57D273B121DE8C0500950C16 /* Sources */ = {
			isa = PBXSourcesBuildPhase;
			buildActionMask = 2147483647;
			files = (
				57D273D821DE909000950C16 /* PodcastAPIClient.swift in Sources */,
				57D273CF21DE8C5500950C16 /* AppError.swift in Sources */,
				57D273D121DE8C5E00950C16 /* ImageHelper.swift in Sources */,
				57D273D321DE8E2000950C16 /* Podcast.swift in Sources */,
				57D273DA21DEA19300950C16 /* PodcastDetailViewController.swift in Sources */,
				57D273BB21DE8C0500950C16 /* PodcastSearchResultsController.swift in Sources */,
				57D273DC21DEA5A200950C16 /* Favorite.swift in Sources */,
				57D273CD21DE8C4E00950C16 /* NetworkHelper.swift in Sources */,
				57D273E021DEDDEE00950C16 /* PodcastCell.swift in Sources */,
				57D273DE21DED72300950C16 /* FavoritesViewController.swift in Sources */,
				57D273B921DE8C0500950C16 /* AppDelegate.swift in Sources */,
			);
			runOnlyForDeploymentPostprocessing = 0;
		};
/* End PBXSourcesBuildPhase section */

/* Begin PBXVariantGroup section */
		57D273BC21DE8C0500950C16 /* Main.storyboard */ = {
			isa = PBXVariantGroup;
			children = (
				57D273BD21DE8C0500950C16 /* Base */,
			);
			name = Main.storyboard;
			sourceTree = "<group>";
		};
		57D273C121DE8C0600950C16 /* LaunchScreen.storyboard */ = {
			isa = PBXVariantGroup;
			children = (
				57D273C221DE8C0600950C16 /* Base */,
			);
			name = LaunchScreen.storyboard;
			sourceTree = "<group>";
		};
/* End PBXVariantGroup section */

/* Begin XCBuildConfiguration section */
		57D273C521DE8C0600950C16 /* Debug */ = {
			isa = XCBuildConfiguration;
			buildSettings = {
				ALWAYS_SEARCH_USER_PATHS = NO;
				CLANG_ANALYZER_NONNULL = YES;
				CLANG_ANALYZER_NUMBER_OBJECT_CONVERSION = YES_AGGRESSIVE;
				CLANG_CXX_LANGUAGE_STANDARD = "gnu++14";
				CLANG_CXX_LIBRARY = "libc++";
				CLANG_ENABLE_MODULES = YES;
				CLANG_ENABLE_OBJC_ARC = YES;
				CLANG_ENABLE_OBJC_WEAK = YES;
				CLANG_WARN_BLOCK_CAPTURE_AUTORELEASING = YES;
				CLANG_WARN_BOOL_CONVERSION = YES;
				CLANG_WARN_COMMA = YES;
				CLANG_WARN_CONSTANT_CONVERSION = YES;
				CLANG_WARN_DEPRECATED_OBJC_IMPLEMENTATIONS = YES;
				CLANG_WARN_DIRECT_OBJC_ISA_USAGE = YES_ERROR;
				CLANG_WARN_DOCUMENTATION_COMMENTS = YES;
				CLANG_WARN_EMPTY_BODY = YES;
				CLANG_WARN_ENUM_CONVERSION = YES;
				CLANG_WARN_INFINITE_RECURSION = YES;
				CLANG_WARN_INT_CONVERSION = YES;
				CLANG_WARN_NON_LITERAL_NULL_CONVERSION = YES;
				CLANG_WARN_OBJC_IMPLICIT_RETAIN_SELF = YES;
				CLANG_WARN_OBJC_LITERAL_CONVERSION = YES;
				CLANG_WARN_OBJC_ROOT_CLASS = YES_ERROR;
				CLANG_WARN_RANGE_LOOP_ANALYSIS = YES;
				CLANG_WARN_STRICT_PROTOTYPES = YES;
				CLANG_WARN_SUSPICIOUS_MOVE = YES;
				CLANG_WARN_UNGUARDED_AVAILABILITY = YES_AGGRESSIVE;
				CLANG_WARN_UNREACHABLE_CODE = YES;
				CLANG_WARN__DUPLICATE_METHOD_MATCH = YES;
				CODE_SIGN_IDENTITY = "iPhone Developer";
				COPY_PHASE_STRIP = NO;
				DEBUG_INFORMATION_FORMAT = dwarf;
				ENABLE_STRICT_OBJC_MSGSEND = YES;
				ENABLE_TESTABILITY = YES;
				GCC_C_LANGUAGE_STANDARD = gnu11;
				GCC_DYNAMIC_NO_PIC = NO;
				GCC_NO_COMMON_BLOCKS = YES;
				GCC_OPTIMIZATION_LEVEL = 0;
				GCC_PREPROCESSOR_DEFINITIONS = (
					"DEBUG=1",
					"$(inherited)",
				);
				GCC_WARN_64_TO_32_BIT_CONVERSION = YES;
				GCC_WARN_ABOUT_RETURN_TYPE = YES_ERROR;
				GCC_WARN_UNDECLARED_SELECTOR = YES;
				GCC_WARN_UNINITIALIZED_AUTOS = YES_AGGRESSIVE;
				GCC_WARN_UNUSED_FUNCTION = YES;
				GCC_WARN_UNUSED_VARIABLE = YES;
				IPHONEOS_DEPLOYMENT_TARGET = 12.1;
				MTL_ENABLE_DEBUG_INFO = INCLUDE_SOURCE;
				MTL_FAST_MATH = YES;
				ONLY_ACTIVE_ARCH = YES;
				SDKROOT = iphoneos;
				SWIFT_ACTIVE_COMPILATION_CONDITIONS = DEBUG;
				SWIFT_OPTIMIZATION_LEVEL = "-Onone";
			};
			name = Debug;
		};
		57D273C621DE8C0600950C16 /* Release */ = {
			isa = XCBuildConfiguration;
			buildSettings = {
				ALWAYS_SEARCH_USER_PATHS = NO;
				CLANG_ANALYZER_NONNULL = YES;
				CLANG_ANALYZER_NUMBER_OBJECT_CONVERSION = YES_AGGRESSIVE;
				CLANG_CXX_LANGUAGE_STANDARD = "gnu++14";
				CLANG_CXX_LIBRARY = "libc++";
				CLANG_ENABLE_MODULES = YES;
				CLANG_ENABLE_OBJC_ARC = YES;
				CLANG_ENABLE_OBJC_WEAK = YES;
				CLANG_WARN_BLOCK_CAPTURE_AUTORELEASING = YES;
				CLANG_WARN_BOOL_CONVERSION = YES;
				CLANG_WARN_COMMA = YES;
				CLANG_WARN_CONSTANT_CONVERSION = YES;
				CLANG_WARN_DEPRECATED_OBJC_IMPLEMENTATIONS = YES;
				CLANG_WARN_DIRECT_OBJC_ISA_USAGE = YES_ERROR;
				CLANG_WARN_DOCUMENTATION_COMMENTS = YES;
				CLANG_WARN_EMPTY_BODY = YES;
				CLANG_WARN_ENUM_CONVERSION = YES;
				CLANG_WARN_INFINITE_RECURSION = YES;
				CLANG_WARN_INT_CONVERSION = YES;
				CLANG_WARN_NON_LITERAL_NULL_CONVERSION = YES;
				CLANG_WARN_OBJC_IMPLICIT_RETAIN_SELF = YES;
				CLANG_WARN_OBJC_LITERAL_CONVERSION = YES;
				CLANG_WARN_OBJC_ROOT_CLASS = YES_ERROR;
				CLANG_WARN_RANGE_LOOP_ANALYSIS = YES;
				CLANG_WARN_STRICT_PROTOTYPES = YES;
				CLANG_WARN_SUSPICIOUS_MOVE = YES;
				CLANG_WARN_UNGUARDED_AVAILABILITY = YES_AGGRESSIVE;
				CLANG_WARN_UNREACHABLE_CODE = YES;
				CLANG_WARN__DUPLICATE_METHOD_MATCH = YES;
				CODE_SIGN_IDENTITY = "iPhone Developer";
				COPY_PHASE_STRIP = NO;
				DEBUG_INFORMATION_FORMAT = "dwarf-with-dsym";
				ENABLE_NS_ASSERTIONS = NO;
				ENABLE_STRICT_OBJC_MSGSEND = YES;
				GCC_C_LANGUAGE_STANDARD = gnu11;
				GCC_NO_COMMON_BLOCKS = YES;
				GCC_WARN_64_TO_32_BIT_CONVERSION = YES;
				GCC_WARN_ABOUT_RETURN_TYPE = YES_ERROR;
				GCC_WARN_UNDECLARED_SELECTOR = YES;
				GCC_WARN_UNINITIALIZED_AUTOS = YES_AGGRESSIVE;
				GCC_WARN_UNUSED_FUNCTION = YES;
				GCC_WARN_UNUSED_VARIABLE = YES;
				IPHONEOS_DEPLOYMENT_TARGET = 12.1;
				MTL_ENABLE_DEBUG_INFO = NO;
				MTL_FAST_MATH = YES;
				SDKROOT = iphoneos;
				SWIFT_COMPILATION_MODE = wholemodule;
				SWIFT_OPTIMIZATION_LEVEL = "-O";
				VALIDATE_PRODUCT = YES;
			};
			name = Release;
		};
		57D273C821DE8C0600950C16 /* Debug */ = {
			isa = XCBuildConfiguration;
			buildSettings = {
				ASSETCATALOG_COMPILER_APPICON_NAME = AppIcon;
				CODE_SIGN_STYLE = Automatic;
				DEVELOPMENT_TEAM = ZEKMNK5YD3;
				INFOPLIST_FILE = PodcastFavorites/Info.plist;
				LD_RUNPATH_SEARCH_PATHS = (
					"$(inherited)",
					"@executable_path/Frameworks",
				);
				PRODUCT_BUNDLE_IDENTIFIER = com.alexcpaul.PodcastFavorites;
				PRODUCT_NAME = "$(TARGET_NAME)";
				SWIFT_VERSION = 4.2;
				TARGETED_DEVICE_FAMILY = "1,2";
			};
			name = Debug;
		};
		57D273C921DE8C0600950C16 /* Release */ = {
			isa = XCBuildConfiguration;
			buildSettings = {
				ASSETCATALOG_COMPILER_APPICON_NAME = AppIcon;
				CODE_SIGN_STYLE = Automatic;
				DEVELOPMENT_TEAM = ZEKMNK5YD3;
				INFOPLIST_FILE = PodcastFavorites/Info.plist;
				LD_RUNPATH_SEARCH_PATHS = (
					"$(inherited)",
					"@executable_path/Frameworks",
				);
				PRODUCT_BUNDLE_IDENTIFIER = com.alexcpaul.PodcastFavorites;
				PRODUCT_NAME = "$(TARGET_NAME)";
				SWIFT_VERSION = 4.2;
				TARGETED_DEVICE_FAMILY = "1,2";
			};
			name = Release;
		};
/* End XCBuildConfiguration section */

/* Begin XCConfigurationList section */
		57D273B021DE8C0500950C16 /* Build configuration list for PBXProject "PodcastFavorites" */ = {
			isa = XCConfigurationList;
			buildConfigurations = (
				57D273C521DE8C0600950C16 /* Debug */,
				57D273C621DE8C0600950C16 /* Release */,
			);
			defaultConfigurationIsVisible = 0;
			defaultConfigurationName = Release;
		};
		57D273C721DE8C0600950C16 /* Build configuration list for PBXNativeTarget "PodcastFavorites" */ = {
			isa = XCConfigurationList;
			buildConfigurations = (
				57D273C821DE8C0600950C16 /* Debug */,
				57D273C921DE8C0600950C16 /* Release */,
			);
			defaultConfigurationIsVisible = 0;
			defaultConfigurationName = Release;
		};
/* End XCConfigurationList section */
	};
	rootObject = 57D273AD21DE8C0500950C16 /* Project object */;
}
